
Microsoft Visual Studio Solution File, Format Version 11.00
# Visual Studio 2010
Project("{FAE04EC0-301F-11D3-BF4B-00C04F79EFBC}") = "Bendy Game", "Assembly-CSharp.csproj", "{54BC4D13-EEA0-30C7-E3EB-EADF816647DF}"
EndProject
Project("{FAE04EC0-301F-11D3-BF4B-00C04F79EFBC}") = "Bendy Game", "Assembly-CSharp-firstpass.csproj", "{B99A6999-4D5B-75A9-7EBD-8D6444B25773}"
EndProject
Project("{FAE04EC0-301F-11D3-BF4B-00C04F79EFBC}") = "Bendy Game", "Assembly-CSharp-Editor.csproj", "{3B18A850-E5C7-3796-0F9C-83FB2A8BB8DE}"
EndProject
Project("{FAE04EC0-301F-11D3-BF4B-00C04F79EFBC}") = "Bendy Game", "Assembly-CSharp-Editor-firstpass.csproj", "{6B7BEA5F-59CD-B250-AE34-CC745ABC32F1}"
EndProject
Global
	GlobalSection(SolutionConfigurationPlatforms) = preSolution
		Debug|Any CPU = Debug|Any CPU
		Release|Any CPU = Release|Any CPU
	EndGlobalSection
	GlobalSection(ProjectConfigurationPlatforms) = postSolution
		{54BC4D13-EEA0-30C7-E3EB-EADF816647DF}.Debug|Any CPU.ActiveCfg = Debug|Any CPU
		{54BC4D13-EEA0-30C7-E3EB-EADF816647DF}.Debug|Any CPU.Build.0 = Debug|Any CPU
		{54BC4D13-EEA0-30C7-E3EB-EADF816647DF}.Release|Any CPU.ActiveCfg = Release|Any CPU
		{54BC4D13-EEA0-30C7-E3EB-EADF816647DF}.Release|Any CPU.Build.0 = Release|Any CPU
		{B99A6999-4D5B-75A9-7EBD-8D6444B25773}.Debug|Any CPU.ActiveCfg = Debug|Any CPU
		{B99A6999-4D5B-75A9-7EBD-8D6444B25773}.Debug|Any CPU.Build.0 = Debug|Any CPU
		{B99A6999-4D5B-75A9-7EBD-8D6444B25773}.Release|Any CPU.ActiveCfg = Release|Any CPU
		{B99A6999-4D5B-75A9-7EBD-8D6444B25773}.Release|Any CPU.Build.0 = Release|Any CPU
		{3B18A850-E5C7-3796-0F9C-83FB2A8BB8DE}.Debug|Any CPU.ActiveCfg = Debug|Any CPU
		{3B18A850-E5C7-3796-0F9C-83FB2A8BB8DE}.Debug|Any CPU.Build.0 = Debug|Any CPU
		{3B18A850-E5C7-3796-0F9C-83FB2A8BB8DE}.Release|Any CPU.ActiveCfg = Release|Any CPU
		{3B18A850-E5C7-3796-0F9C-83FB2A8BB8DE}.Release|Any CPU.Build.0 = Release|Any CPU
		{6B7BEA5F-59CD-B250-AE34-CC745ABC32F1}.Debug|Any CPU.ActiveCfg = Debug|Any CPU
		{6B7BEA5F-59CD-B250-AE34-CC745ABC32F1}.Debug|Any CPU.Build.0 = Debug|Any CPU
		{6B7BEA5F-59CD-B250-AE34-CC745ABC32F1}.Release|Any CPU.ActiveCfg = Release|Any CPU
		{6B7BEA5F-59CD-B250-AE34-CC745ABC32F1}.Release|Any CPU.Build.0 = Release|Any CPU
	EndGlobalSection
	GlobalSection(SolutionProperties) = preSolution
		HideSolutionNode = FALSE
	EndGlobalSection
	GlobalSection(MonoDevelopProperties) = preSolution
		StartupItem = Assembly-CSharp.csproj
	EndGlobalSection
EndGlobal
